
Microsoft Visual Studio Solution File, Format Version 12.00
# Visual Studio Version 16
VisualStudioVersion = 16.0.28729.10
MinimumVisualStudioVersion = 10.0.40219.1
Project("{9A19103F-16F7-4668-BE54-9A1E7A4F7556}") = "Learning_C_Sharp", "Learning_C_Sharp\Learning_C_Sharp.csproj", "{D4D1BAA0-8CE4-40F4-847F-9E1AE3D4A06F}"
EndProject
Project("{FAE04EC0-301F-11D3-BF4B-00C04F79EFBC}") = "Static", "Static\Static.csproj", "{74297E2D-0460-4F02-B49C-355609C746DA}"
EndProject
Project("{FAE04EC0-301F-11D3-BF4B-00C04F79EFBC}") = "PartialClass", "PartialCalss\PartialClass.csproj", "{5294CBAB-0267-4F90-B243-71F8D5529A27}"
EndProject
Global
	GlobalSection(SolutionConfigurationPlatforms) = preSolution
		Debug|Any CPU = Debug|Any CPU
		Release|Any CPU = Release|Any CPU
	EndGlobalSection
	GlobalSection(ProjectConfigurationPlatforms) = postSolution
		{D4D1BAA0-8CE4-40F4-847F-9E1AE3D4A06F}.Debug|Any CPU.ActiveCfg = Debug|Any CPU
		{D4D1BAA0-8CE4-40F4-847F-9E1AE3D4A06F}.Debug|Any CPU.Build.0 = Debug|Any CPU
		{D4D1BAA0-8CE4-40F4-847F-9E1AE3D4A06F}.Release|Any CPU.ActiveCfg = Release|Any CPU
		{D4D1BAA0-8CE4-40F4-847F-9E1AE3D4A06F}.Release|Any CPU.Build.0 = Release|Any CPU
		{74297E2D-0460-4F02-B49C-355609C746DA}.Debug|Any CPU.ActiveCfg = Debug|Any CPU
		{74297E2D-0460-4F02-B49C-355609C746DA}.Debug|Any CPU.Build.0 = Debug|Any CPU
		{74297E2D-0460-4F02-B49C-355609C746DA}.Release|Any CPU.ActiveCfg = Release|Any CPU
		{74297E2D-0460-4F02-B49C-355609C746DA}.Release|Any CPU.Build.0 = Release|Any CPU
		{5294CBAB-0267-4F90-B243-71F8D5529A27}.Debug|Any CPU.ActiveCfg = Debug|Any CPU
		{5294CBAB-0267-4F90-B243-71F8D5529A27}.Debug|Any CPU.Build.0 = Debug|Any CPU
		{5294CBAB-0267-4F90-B243-71F8D5529A27}.Release|Any CPU.ActiveCfg = Release|Any CPU
		{5294CBAB-0267-4F90-B243-71F8D5529A27}.Release|Any CPU.Build.0 = Release|Any CPU
	EndGlobalSection
	GlobalSection(SolutionProperties) = preSolution
		HideSolutionNode = FALSE
	EndGlobalSection
	GlobalSection(ExtensibilityGlobals) = postSolution
		SolutionGuid = {419633C7-1B34-4621-A7D9-7C72C6CAC7AB}
	EndGlobalSection
EndGlobal
