
Microsoft Visual Studio Solution File, Format Version 12.00
# Visual Studio Version 16
VisualStudioVersion = 16.0.28729.10
MinimumVisualStudioVersion = 10.0.40219.1
Project("{FAE04EC0-301F-11D3-BF4B-00C04F79EFBC}") = "EmpInfo", "Employee\EmpInfo.csproj", "{67105534-A022-4C21-8F27-A5AF944B7616}"
EndProject
Global
	GlobalSection(SolutionConfigurationPlatforms) = preSolution
		Debug|Any CPU = Debug|Any CPU
		Release|Any CPU = Release|Any CPU
	EndGlobalSection
	GlobalSection(ProjectConfigurationPlatforms) = postSolution
		{67105534-A022-4C21-8F27-A5AF944B7616}.Debug|Any CPU.ActiveCfg = Debug|Any CPU
		{67105534-A022-4C21-8F27-A5AF944B7616}.Debug|Any CPU.Build.0 = Debug|Any CPU
		{67105534-A022-4C21-8F27-A5AF944B7616}.Release|Any CPU.ActiveCfg = Release|Any CPU
		{67105534-A022-4C21-8F27-A5AF944B7616}.Release|Any CPU.Build.0 = Release|Any CPU
	EndGlobalSection
	GlobalSection(SolutionProperties) = preSolution
		HideSolutionNode = FALSE
	EndGlobalSection
	GlobalSection(ExtensibilityGlobals) = postSolution
		SolutionGuid = {ABFAAF3D-E654-4394-9EC9-C4463BC8D499}
	EndGlobalSection
EndGlobal
